
Microsoft Visual Studio Solution File, Format Version 12.00
# Visual Studio Version 17
VisualStudioVersion = 17.14.36301.6
MinimumVisualStudioVersion = 10.0.40219.1
Project("{FAE04EC0-301F-11D3-BF4B-00C04F79EFBC}") = "AppMoverVIdeos", "AppMoverVIdeos\AppMoverVIdeos.csproj", "{3F282C48-DAC1-4C78-930E-091FBB31687A}"
EndProject
Project("{54435603-DBB4-11D2-8724-00A0C9A8B90C}") = "SetupMoverVideos", "SetupMoverVideos\SetupMoverVideos.vdproj", "{1BE10F37-75D5-E364-EBF2-729CFD68A93E}"
EndProject
Global
	GlobalSection(SolutionConfigurationPlatforms) = preSolution
		Debug|Any CPU = Debug|Any CPU
		Release|Any CPU = Release|Any CPU
	EndGlobalSection
	GlobalSection(ProjectConfigurationPlatforms) = postSolution
		{3F282C48-DAC1-4C78-930E-091FBB31687A}.Debug|Any CPU.ActiveCfg = Debug|Any CPU
		{3F282C48-DAC1-4C78-930E-091FBB31687A}.Debug|Any CPU.Build.0 = Debug|Any CPU
		{3F282C48-DAC1-4C78-930E-091FBB31687A}.Release|Any CPU.ActiveCfg = Release|Any CPU
		{3F282C48-DAC1-4C78-930E-091FBB31687A}.Release|Any CPU.Build.0 = Release|Any CPU
		{1BE10F37-75D5-E364-EBF2-729CFD68A93E}.Debug|Any CPU.ActiveCfg = Debug
		{1BE10F37-75D5-E364-EBF2-729CFD68A93E}.Release|Any CPU.ActiveCfg = Release
	EndGlobalSection
	GlobalSection(SolutionProperties) = preSolution
		HideSolutionNode = FALSE
	EndGlobalSection
	GlobalSection(ExtensibilityGlobals) = postSolution
		SolutionGuid = {509D0C75-D2B0-42C6-B314-EDE29C289085}
	EndGlobalSection
EndGlobal
